{
  "name": "front-platform-test",
  "version": "1.0.0",
  "lockfileVersion": 1,
  "requires": true,
  "dependencies": {
    "front-platform-repo-a": {
      "version": "1.0.0",
      "resolved": "https://artifactory.infrateam.xyz:443/api/npm/npm/front-platform-repo-a/-/front-platform-repo-a-1.0.0.tgz",
      "integrity": "sha1-Yz6PNQJcDDZxXbz3utnUkUL4Hew="
    },
    "front-platform-repo-b": {
      "version": "1.0.0",
      "resolved": "https://artifactory.infrateam.xyz:443/api/npm/npm/front-platform-repo-b/-/front-platform-repo-b-1.0.0.tgz",
      "integrity": "sha1-8xICbfEnK3NGFzlZXwqjukBuJAQ="
    }
  }
}
